
Microsoft Visual Studio Solution File, Format Version 12.00
# Visual Studio 15
VisualStudioVersion = 15.0.26124.0
MinimumVisualStudioVersion = 15.0.26124.0
Project("{FAE04EC0-301F-11D3-BF4B-00C04F79EFBC}") = "Estimator.Core", "Estimator.Core\Estimator.Core.csproj", "{4CE0E9BC-75A9-47CB-AE9F-E3544F7DC215}"
EndProject
Project("{FAE04EC0-301F-11D3-BF4B-00C04F79EFBC}") = "Estimator.Application.Tests", "Estimator.Application.Tests\Estimator.Application.Tests.csproj", "{67691C73-AA69-445B-9E10-F5BF4E99887F}"
EndProject
Project("{FAE04EC0-301F-11D3-BF4B-00C04F79EFBC}") = "Estimator.Domain.Tests", "Estimator.Domain.Tests\Estimator.Domain.Tests.csproj", "{46B84AE9-D638-4678-BFAB-A8063569A38A}"
EndProject
Project("{FAE04EC0-301F-11D3-BF4B-00C04F79EFBC}") = "Estimator.Application", "Estimator.Application\Estimator.Application.csproj", "{AADDE3F2-F8E6-4048-AA44-3CF834D4B7D3}"
EndProject
Project("{FAE04EC0-301F-11D3-BF4B-00C04F79EFBC}") = "Estimator.Domain", "Estimator.Domain\Estimator.Domain.csproj", "{61BC694A-3878-452B-AE47-9A266642D442}"
EndProject
Project("{FAE04EC0-301F-11D3-BF4B-00C04F79EFBC}") = "Estimator.Infrastructure", "Estimator.Infrastructure\Estimator.Infrastructure.csproj", "{0D845FDC-8E6F-44F1-81D3-B72239823C30}"
EndProject
Project("{FAE04EC0-301F-11D3-BF4B-00C04F79EFBC}") = "Estimator.Persistence", "Estimator.Persistence\Estimator.Persistence.csproj", "{CF141296-88C9-481C-BE0C-1AC922CDD299}"
EndProject
Project("{2150E333-8FDC-42A3-9474-1A3956D46DE8}") = "tests", "tests", "{D062A35F-CD8E-43FC-82B9-3419325D7927}"
EndProject
Project("{2150E333-8FDC-42A3-9474-1A3956D46DE8}") = "src", "src", "{8E07E432-7DCC-4768-AF19-9DC83D89A1A7}"
EndProject
Project("{FAE04EC0-301F-11D3-BF4B-00C04F79EFBC}") = "Estimator.Web", "Estimator.Web\Estimator.Web.csproj", "{FAD3F929-5E93-4614-A3C8-D07BE1258CB7}"
EndProject
Global
	GlobalSection(SolutionConfigurationPlatforms) = preSolution
		Debug|Any CPU = Debug|Any CPU
		Debug|x64 = Debug|x64
		Debug|x86 = Debug|x86
		Release|Any CPU = Release|Any CPU
		Release|x64 = Release|x64
		Release|x86 = Release|x86
	EndGlobalSection
	GlobalSection(SolutionProperties) = preSolution
		HideSolutionNode = FALSE
	EndGlobalSection
	GlobalSection(ProjectConfigurationPlatforms) = postSolution
		{4CE0E9BC-75A9-47CB-AE9F-E3544F7DC215}.Debug|Any CPU.ActiveCfg = Debug|Any CPU
		{4CE0E9BC-75A9-47CB-AE9F-E3544F7DC215}.Debug|Any CPU.Build.0 = Debug|Any CPU
		{4CE0E9BC-75A9-47CB-AE9F-E3544F7DC215}.Debug|x64.ActiveCfg = Debug|Any CPU
		{4CE0E9BC-75A9-47CB-AE9F-E3544F7DC215}.Debug|x64.Build.0 = Debug|Any CPU
		{4CE0E9BC-75A9-47CB-AE9F-E3544F7DC215}.Debug|x86.ActiveCfg = Debug|Any CPU
		{4CE0E9BC-75A9-47CB-AE9F-E3544F7DC215}.Debug|x86.Build.0 = Debug|Any CPU
		{4CE0E9BC-75A9-47CB-AE9F-E3544F7DC215}.Release|Any CPU.ActiveCfg = Release|Any CPU
		{4CE0E9BC-75A9-47CB-AE9F-E3544F7DC215}.Release|Any CPU.Build.0 = Release|Any CPU
		{4CE0E9BC-75A9-47CB-AE9F-E3544F7DC215}.Release|x64.ActiveCfg = Release|Any CPU
		{4CE0E9BC-75A9-47CB-AE9F-E3544F7DC215}.Release|x64.Build.0 = Release|Any CPU
		{4CE0E9BC-75A9-47CB-AE9F-E3544F7DC215}.Release|x86.ActiveCfg = Release|Any CPU
		{4CE0E9BC-75A9-47CB-AE9F-E3544F7DC215}.Release|x86.Build.0 = Release|Any CPU
		{67691C73-AA69-445B-9E10-F5BF4E99887F}.Debug|Any CPU.ActiveCfg = Debug|Any CPU
		{67691C73-AA69-445B-9E10-F5BF4E99887F}.Debug|Any CPU.Build.0 = Debug|Any CPU
		{67691C73-AA69-445B-9E10-F5BF4E99887F}.Debug|x64.ActiveCfg = Debug|Any CPU
		{67691C73-AA69-445B-9E10-F5BF4E99887F}.Debug|x64.Build.0 = Debug|Any CPU
		{67691C73-AA69-445B-9E10-F5BF4E99887F}.Debug|x86.ActiveCfg = Debug|Any CPU
		{67691C73-AA69-445B-9E10-F5BF4E99887F}.Debug|x86.Build.0 = Debug|Any CPU
		{67691C73-AA69-445B-9E10-F5BF4E99887F}.Release|Any CPU.ActiveCfg = Release|Any CPU
		{67691C73-AA69-445B-9E10-F5BF4E99887F}.Release|Any CPU.Build.0 = Release|Any CPU
		{67691C73-AA69-445B-9E10-F5BF4E99887F}.Release|x64.ActiveCfg = Release|Any CPU
		{67691C73-AA69-445B-9E10-F5BF4E99887F}.Release|x64.Build.0 = Release|Any CPU
		{67691C73-AA69-445B-9E10-F5BF4E99887F}.Release|x86.ActiveCfg = Release|Any CPU
		{67691C73-AA69-445B-9E10-F5BF4E99887F}.Release|x86.Build.0 = Release|Any CPU
		{46B84AE9-D638-4678-BFAB-A8063569A38A}.Debug|Any CPU.ActiveCfg = Debug|Any CPU
		{46B84AE9-D638-4678-BFAB-A8063569A38A}.Debug|Any CPU.Build.0 = Debug|Any CPU
		{46B84AE9-D638-4678-BFAB-A8063569A38A}.Debug|x64.ActiveCfg = Debug|Any CPU
		{46B84AE9-D638-4678-BFAB-A8063569A38A}.Debug|x64.Build.0 = Debug|Any CPU
		{46B84AE9-D638-4678-BFAB-A8063569A38A}.Debug|x86.ActiveCfg = Debug|Any CPU
		{46B84AE9-D638-4678-BFAB-A8063569A38A}.Debug|x86.Build.0 = Debug|Any CPU
		{46B84AE9-D638-4678-BFAB-A8063569A38A}.Release|Any CPU.ActiveCfg = Release|Any CPU
		{46B84AE9-D638-4678-BFAB-A8063569A38A}.Release|Any CPU.Build.0 = Release|Any CPU
		{46B84AE9-D638-4678-BFAB-A8063569A38A}.Release|x64.ActiveCfg = Release|Any CPU
		{46B84AE9-D638-4678-BFAB-A8063569A38A}.Release|x64.Build.0 = Release|Any CPU
		{46B84AE9-D638-4678-BFAB-A8063569A38A}.Release|x86.ActiveCfg = Release|Any CPU
		{46B84AE9-D638-4678-BFAB-A8063569A38A}.Release|x86.Build.0 = Release|Any CPU
		{AADDE3F2-F8E6-4048-AA44-3CF834D4B7D3}.Debug|Any CPU.ActiveCfg = Debug|Any CPU
		{AADDE3F2-F8E6-4048-AA44-3CF834D4B7D3}.Debug|Any CPU.Build.0 = Debug|Any CPU
		{AADDE3F2-F8E6-4048-AA44-3CF834D4B7D3}.Debug|x64.ActiveCfg = Debug|Any CPU
		{AADDE3F2-F8E6-4048-AA44-3CF834D4B7D3}.Debug|x64.Build.0 = Debug|Any CPU
		{AADDE3F2-F8E6-4048-AA44-3CF834D4B7D3}.Debug|x86.ActiveCfg = Debug|Any CPU
		{AADDE3F2-F8E6-4048-AA44-3CF834D4B7D3}.Debug|x86.Build.0 = Debug|Any CPU
		{AADDE3F2-F8E6-4048-AA44-3CF834D4B7D3}.Release|Any CPU.ActiveCfg = Release|Any CPU
		{AADDE3F2-F8E6-4048-AA44-3CF834D4B7D3}.Release|Any CPU.Build.0 = Release|Any CPU
		{AADDE3F2-F8E6-4048-AA44-3CF834D4B7D3}.Release|x64.ActiveCfg = Release|Any CPU
		{AADDE3F2-F8E6-4048-AA44-3CF834D4B7D3}.Release|x64.Build.0 = Release|Any CPU
		{AADDE3F2-F8E6-4048-AA44-3CF834D4B7D3}.Release|x86.ActiveCfg = Release|Any CPU
		{AADDE3F2-F8E6-4048-AA44-3CF834D4B7D3}.Release|x86.Build.0 = Release|Any CPU
		{61BC694A-3878-452B-AE47-9A266642D442}.Debug|Any CPU.ActiveCfg = Debug|Any CPU
		{61BC694A-3878-452B-AE47-9A266642D442}.Debug|Any CPU.Build.0 = Debug|Any CPU
		{61BC694A-3878-452B-AE47-9A266642D442}.Debug|x64.ActiveCfg = Debug|Any CPU
		{61BC694A-3878-452B-AE47-9A266642D442}.Debug|x64.Build.0 = Debug|Any CPU
		{61BC694A-3878-452B-AE47-9A266642D442}.Debug|x86.ActiveCfg = Debug|Any CPU
		{61BC694A-3878-452B-AE47-9A266642D442}.Debug|x86.Build.0 = Debug|Any CPU
		{61BC694A-3878-452B-AE47-9A266642D442}.Release|Any CPU.ActiveCfg = Release|Any CPU
		{61BC694A-3878-452B-AE47-9A266642D442}.Release|Any CPU.Build.0 = Release|Any CPU
		{61BC694A-3878-452B-AE47-9A266642D442}.Release|x64.ActiveCfg = Release|Any CPU
		{61BC694A-3878-452B-AE47-9A266642D442}.Release|x64.Build.0 = Release|Any CPU
		{61BC694A-3878-452B-AE47-9A266642D442}.Release|x86.ActiveCfg = Release|Any CPU
		{61BC694A-3878-452B-AE47-9A266642D442}.Release|x86.Build.0 = Release|Any CPU
		{0D845FDC-8E6F-44F1-81D3-B72239823C30}.Debug|Any CPU.ActiveCfg = Debug|Any CPU
		{0D845FDC-8E6F-44F1-81D3-B72239823C30}.Debug|Any CPU.Build.0 = Debug|Any CPU
		{0D845FDC-8E6F-44F1-81D3-B72239823C30}.Debug|x64.ActiveCfg = Debug|Any CPU
		{0D845FDC-8E6F-44F1-81D3-B72239823C30}.Debug|x64.Build.0 = Debug|Any CPU
		{0D845FDC-8E6F-44F1-81D3-B72239823C30}.Debug|x86.ActiveCfg = Debug|Any CPU
		{0D845FDC-8E6F-44F1-81D3-B72239823C30}.Debug|x86.Build.0 = Debug|Any CPU
		{0D845FDC-8E6F-44F1-81D3-B72239823C30}.Release|Any CPU.ActiveCfg = Release|Any CPU
		{0D845FDC-8E6F-44F1-81D3-B72239823C30}.Release|Any CPU.Build.0 = Release|Any CPU
		{0D845FDC-8E6F-44F1-81D3-B72239823C30}.Release|x64.ActiveCfg = Release|Any CPU
		{0D845FDC-8E6F-44F1-81D3-B72239823C30}.Release|x64.Build.0 = Release|Any CPU
		{0D845FDC-8E6F-44F1-81D3-B72239823C30}.Release|x86.ActiveCfg = Release|Any CPU
		{0D845FDC-8E6F-44F1-81D3-B72239823C30}.Release|x86.Build.0 = Release|Any CPU
		{CF141296-88C9-481C-BE0C-1AC922CDD299}.Debug|Any CPU.ActiveCfg = Debug|Any CPU
		{CF141296-88C9-481C-BE0C-1AC922CDD299}.Debug|Any CPU.Build.0 = Debug|Any CPU
		{CF141296-88C9-481C-BE0C-1AC922CDD299}.Debug|x64.ActiveCfg = Debug|Any CPU
		{CF141296-88C9-481C-BE0C-1AC922CDD299}.Debug|x64.Build.0 = Debug|Any CPU
		{CF141296-88C9-481C-BE0C-1AC922CDD299}.Debug|x86.ActiveCfg = Debug|Any CPU
		{CF141296-88C9-481C-BE0C-1AC922CDD299}.Debug|x86.Build.0 = Debug|Any CPU
		{CF141296-88C9-481C-BE0C-1AC922CDD299}.Release|Any CPU.ActiveCfg = Release|Any CPU
		{CF141296-88C9-481C-BE0C-1AC922CDD299}.Release|Any CPU.Build.0 = Release|Any CPU
		{CF141296-88C9-481C-BE0C-1AC922CDD299}.Release|x64.ActiveCfg = Release|Any CPU
		{CF141296-88C9-481C-BE0C-1AC922CDD299}.Release|x64.Build.0 = Release|Any CPU
		{CF141296-88C9-481C-BE0C-1AC922CDD299}.Release|x86.ActiveCfg = Release|Any CPU
		{CF141296-88C9-481C-BE0C-1AC922CDD299}.Release|x86.Build.0 = Release|Any CPU
		{FAD3F929-5E93-4614-A3C8-D07BE1258CB7}.Debug|Any CPU.ActiveCfg = Debug|Any CPU
		{FAD3F929-5E93-4614-A3C8-D07BE1258CB7}.Debug|Any CPU.Build.0 = Debug|Any CPU
		{FAD3F929-5E93-4614-A3C8-D07BE1258CB7}.Debug|x64.ActiveCfg = Debug|Any CPU
		{FAD3F929-5E93-4614-A3C8-D07BE1258CB7}.Debug|x64.Build.0 = Debug|Any CPU
		{FAD3F929-5E93-4614-A3C8-D07BE1258CB7}.Debug|x86.ActiveCfg = Debug|Any CPU
		{FAD3F929-5E93-4614-A3C8-D07BE1258CB7}.Debug|x86.Build.0 = Debug|Any CPU
		{FAD3F929-5E93-4614-A3C8-D07BE1258CB7}.Release|Any CPU.ActiveCfg = Release|Any CPU
		{FAD3F929-5E93-4614-A3C8-D07BE1258CB7}.Release|Any CPU.Build.0 = Release|Any CPU
		{FAD3F929-5E93-4614-A3C8-D07BE1258CB7}.Release|x64.ActiveCfg = Release|Any CPU
		{FAD3F929-5E93-4614-A3C8-D07BE1258CB7}.Release|x64.Build.0 = Release|Any CPU
		{FAD3F929-5E93-4614-A3C8-D07BE1258CB7}.Release|x86.ActiveCfg = Release|Any CPU
		{FAD3F929-5E93-4614-A3C8-D07BE1258CB7}.Release|x86.Build.0 = Release|Any CPU
	EndGlobalSection
	GlobalSection(NestedProjects) = preSolution
		{67691C73-AA69-445B-9E10-F5BF4E99887F} = {D062A35F-CD8E-43FC-82B9-3419325D7927}
		{46B84AE9-D638-4678-BFAB-A8063569A38A} = {D062A35F-CD8E-43FC-82B9-3419325D7927}
		{AADDE3F2-F8E6-4048-AA44-3CF834D4B7D3} = {8E07E432-7DCC-4768-AF19-9DC83D89A1A7}
		{4CE0E9BC-75A9-47CB-AE9F-E3544F7DC215} = {8E07E432-7DCC-4768-AF19-9DC83D89A1A7}
		{61BC694A-3878-452B-AE47-9A266642D442} = {8E07E432-7DCC-4768-AF19-9DC83D89A1A7}
		{0D845FDC-8E6F-44F1-81D3-B72239823C30} = {8E07E432-7DCC-4768-AF19-9DC83D89A1A7}
		{CF141296-88C9-481C-BE0C-1AC922CDD299} = {8E07E432-7DCC-4768-AF19-9DC83D89A1A7}
		{FAD3F929-5E93-4614-A3C8-D07BE1258CB7} = {8E07E432-7DCC-4768-AF19-9DC83D89A1A7}
	EndGlobalSection
EndGlobal
